
Microsoft Visual Studio Solution File, Format Version 12.00
# Visual Studio Version 16
VisualStudioVersion = 16.0.30907.101
MinimumVisualStudioVersion = 10.0.40219.1
Project("{FAE04EC0-301F-11D3-BF4B-00C04F79EFBC}") = "SampleProject", "SampleProject.csproj", "{826BD6BC-3F4E-466A-9FBD-B1C1242C969A}"
EndProject
Global
	GlobalSection(SolutionConfigurationPlatforms) = preSolution
		Debug|Any CPU = Debug|Any CPU
		Release|Any CPU = Release|Any CPU
	EndGlobalSection
	GlobalSection(ProjectConfigurationPlatforms) = postSolution
		{826BD6BC-3F4E-466A-9FBD-B1C1242C969A}.Debug|Any CPU.ActiveCfg = Debug|Any CPU
		{826BD6BC-3F4E-466A-9FBD-B1C1242C969A}.Debug|Any CPU.Build.0 = Debug|Any CPU
		{826BD6BC-3F4E-466A-9FBD-B1C1242C969A}.Release|Any CPU.ActiveCfg = Release|Any CPU
		{826BD6BC-3F4E-466A-9FBD-B1C1242C969A}.Release|Any CPU.Build.0 = Release|Any CPU
	EndGlobalSection
	GlobalSection(SolutionProperties) = preSolution
		HideSolutionNode = FALSE
	EndGlobalSection
	GlobalSection(ExtensibilityGlobals) = postSolution
		SolutionGuid = {D3D96266-4B10-47BF-84FD-ECD20F652F1A}
	EndGlobalSection
EndGlobal
